{
  "name": "myproject",
  "version": "1.0.0",
  "lockfileVersion": 1,
  "requires": true,
  "dependencies": {
    "jquery": {
      "version": "3.5.1",
      "resolved": "https://danfoss.jfrog.io/danfoss/api/npm/npm/jquery/-/jquery-3.5.1.tgz",
      "integrity": "sha1-17TQjhv9uGrS8aPQOeoXMEcXq7U="
    },
    "jquery-validation": {
      "version": "1.19.2",
      "resolved": "https://danfoss.jfrog.io/danfoss/api/npm/npm/jquery-validation/-/jquery-validation-1.19.2.tgz",
      "integrity": "sha1-xgKDGw2MWIFACvQk6HJ1fOJB7/k=",
      "dev": true
    },
    "leaflet": {
      "version": "1.7.1",
      "resolved": "https://danfoss.jfrog.io/danfoss/api/npm/npm/leaflet/-/leaflet-1.7.1.tgz",
      "integrity": "sha1-ENaEkW7f4b9B1oijuXEnwDIqKhk=",
      "dev": true
    }
  }
}
