
Microsoft Visual Studio Solution File, Format Version 12.00
# Visual Studio Version 16
VisualStudioVersion = 16.0.30523.141
MinimumVisualStudioVersion = 10.0.40219.1
Project("{FAE04EC0-301F-11D3-BF4B-00C04F79EFBC}") = "WebApplication", "WebApplication\WebApplication.csproj", "{1D706200-D962-47C3-B949-4176CD94504C}"
EndProject
Project("{FAE04EC0-301F-11D3-BF4B-00C04F79EFBC}") = "WebApplication.Tests", "WebApplication.Tests\WebApplication.Tests.csproj", "{5431F57A-D2D0-40AB-BA7F-4976196479FE}"
EndProject
Global
	GlobalSection(SolutionConfigurationPlatforms) = preSolution
		Debug|Any CPU = Debug|Any CPU
		Release|Any CPU = Release|Any CPU
	EndGlobalSection
	GlobalSection(ProjectConfigurationPlatforms) = postSolution
		{1D706200-D962-47C3-B949-4176CD94504C}.Debug|Any CPU.ActiveCfg = Debug|Any CPU
		{1D706200-D962-47C3-B949-4176CD94504C}.Debug|Any CPU.Build.0 = Debug|Any CPU
		{1D706200-D962-47C3-B949-4176CD94504C}.Release|Any CPU.ActiveCfg = Release|Any CPU
		{1D706200-D962-47C3-B949-4176CD94504C}.Release|Any CPU.Build.0 = Release|Any CPU
		{5431F57A-D2D0-40AB-BA7F-4976196479FE}.Debug|Any CPU.ActiveCfg = Debug|Any CPU
		{5431F57A-D2D0-40AB-BA7F-4976196479FE}.Debug|Any CPU.Build.0 = Debug|Any CPU
		{5431F57A-D2D0-40AB-BA7F-4976196479FE}.Release|Any CPU.ActiveCfg = Release|Any CPU
		{5431F57A-D2D0-40AB-BA7F-4976196479FE}.Release|Any CPU.Build.0 = Release|Any CPU
	EndGlobalSection
	GlobalSection(SolutionProperties) = preSolution
		HideSolutionNode = FALSE
	EndGlobalSection
	GlobalSection(ExtensibilityGlobals) = postSolution
		SolutionGuid = {6D9D7FAA-041D-4207-A95C-973798DC15FD}
	EndGlobalSection
EndGlobal
